<?xml version="1.0" encoding="utf-8"?>
<Project ToolsVersion="4.0" xmlns="http://schemas.microsoft.com/developer/msbuild/2003">
  <ItemGroup>
    <Filter Include="Source Files">
      <UniqueIdentifier>{4FC737F1-C7A5-4376-A066-2A32D752A2FF}</UniqueIdentifier>
      <Extensions>cpp;c;cc;cxx;def;odl;idl;hpj;bat;asm;asmx</Extensions>
    </Filter>
    <Filter Include="Header Files">
      <UniqueIdentifier>{93995380-89BD-4b04-88EB-625FBE52EBFB}</UniqueIdentifier>
      <Extensions>h;hh;hpp;hxx;hm;inl;inc;ipp;xsd</Extensions>
    </Filter>
    <Filter Include="main">
      <UniqueIdentifier>{a58c25b1-fe96-495f-81e7-41d5bad641df}</UniqueIdentifier>
    </Filter>
    <Filter Include="Header Files\Keyboard">
      <UniqueIdentifier>{fcd2f037-8bc0-4e6b-9e86-77e27bc8b02f}</UniqueIdentifier>
    </Filter>
    <Filter Include="Source Files\Keyboard">
      <UniqueIdentifier>{043337f8-9850-49d8-a9e8-a02615611ff9}</UniqueIdentifier>
    </Filter>
    <Filter Include="Header Files\Mouse">
      <UniqueIdentifier>{b041e1e7-0b52-4918-9ceb-42d08f8baf0e}</UniqueIdentifier>
    </Filter>
    <Filter Include="Source Files\Mouse">
      <UniqueIdentifier>{d23e58bc-f291-44eb-adf2-5333bddffee7}</UniqueIdentifier>
    </Filter>
    <Filter Include="Header Files\Graphics">
      <UniqueIdentifier>{b28e13d4-48d0-4c0e-a6a6-a9125418d009}</UniqueIdentifier>
    </Filter>
    <Filter Include="Source Files\Graphics">
      <UniqueIdentifier>{92abfd1c-b4dc-4a97-a769-176ad6958fd7}</UniqueIdentifier>
    </Filter>
    <Filter Include="Header Files\Graphics\ImGui">
      <UniqueIdentifier>{3d2bfa5c-44c9-4e9d-8376-974d449d8827}</UniqueIdentifier>
    </Filter>
    <Filter Include="Source Files\Graphics\ImGui">
      <UniqueIdentifier>{eecefbad-126f-42df-93e3-65f0d9e2d10a}</UniqueIdentifier>
    </Filter>
    <Filter Include="Header Files\Cuda">
      <UniqueIdentifier>{5dd15d1b-b487-42da-9f0f-6e3473e841dc}</UniqueIdentifier>
    </Filter>
    <Filter Include="Source Files\Cuda">
      <UniqueIdentifier>{ddc67f02-09b3-403e-b543-8511092689fb}</UniqueIdentifier>
    </Filter>
    <Filter Include="Source Files\BinaryStream">
      <UniqueIdentifier>{3f9cfdaf-4e81-4f90-8b02-9ab4c5bef6fa}</UniqueIdentifier>
    </Filter>
    <Filter Include="Header Files\BinaryStream">
      <UniqueIdentifier>{99ceb923-4899-4680-864f-14d9cd432d28}</UniqueIdentifier>
    </Filter>
    <Filter Include="Shaders">
      <UniqueIdentifier>{f6ab76af-48b7-4a38-94f6-338d1309efa3}</UniqueIdentifier>
    </Filter>
    <Filter Include="Source Files\Particle">
      <UniqueIdentifier>{9e05e0fe-b4fe-43ad-be3a-16941c7f25f0}</UniqueIdentifier>
    </Filter>
    <Filter Include="Header Files\Particle">
      <UniqueIdentifier>{2adac3f8-8269-4fb1-9ee0-1140c635d565}</UniqueIdentifier>
    </Filter>
    <Filter Include="Header Files\VolumeTexture">
      <UniqueIdentifier>{c67bdb99-b03d-466c-933d-c22616702d81}</UniqueIdentifier>
    </Filter>
    <Filter Include="Source Files\VolumeTexture">
      <UniqueIdentifier>{a42de083-1331-40b9-82cb-637a7768d853}</UniqueIdentifier>
    </Filter>
    <Filter Include="Source Files\Raycasting">
      <UniqueIdentifier>{ecc9a664-af30-480b-b1a9-a8a8498d4287}</UniqueIdentifier>
    </Filter>
    <Filter Include="Header Files\Raycasting">
      <UniqueIdentifier>{a7f30409-2634-45c1-8712-477c4e1ad2b1}</UniqueIdentifier>
    </Filter>
    <Filter Include="Header Files\ErrorLogger">
      <UniqueIdentifier>{bb59446f-eced-4cb9-ac42-fc40f8fbe060}</UniqueIdentifier>
    </Filter>
    <Filter Include="Source Files\ErrorLogger">
      <UniqueIdentifier>{7affd3ac-7311-4136-bde6-65860449bccf}</UniqueIdentifier>
    </Filter>
    <Filter Include="Header Files\Options">
      <UniqueIdentifier>{ff0f133a-547d-46e7-a894-ffcb305d7dbd}</UniqueIdentifier>
    </Filter>
    <Filter Include="Header Files\Engine">
      <UniqueIdentifier>{d6ed99bd-8b7d-44bf-bd13-9c0be79b373c}</UniqueIdentifier>
    </Filter>
    <Filter Include="Source Files\Engine">
      <UniqueIdentifier>{9e0c689d-bf2a-4190-a205-b8d55ca95528}</UniqueIdentifier>
    </Filter>
    <Filter Include="Header Files\Window">
      <UniqueIdentifier>{5a62cafe-bd45-492b-ad23-c290b16ac5a2}</UniqueIdentifier>
    </Filter>
    <Filter Include="Source Files\Window">
      <UniqueIdentifier>{be5c0cef-588c-4145-aa46-d903f29bd267}</UniqueIdentifier>
    </Filter>
    <Filter Include="Header Files\Timer">
      <UniqueIdentifier>{515805ab-2a1e-4c73-a4af-fc702296ee76}</UniqueIdentifier>
    </Filter>
    <Filter Include="Source Files\Timer">
      <UniqueIdentifier>{7d5ec984-9178-439a-9945-bb66df585855}</UniqueIdentifier>
    </Filter>
    <Filter Include="Header Files\HelperFunctions">
      <UniqueIdentifier>{3f36fdce-061e-4399-b2fa-4ede3597b786}</UniqueIdentifier>
    </Filter>
    <Filter Include="Header Files\Heightfield">
      <UniqueIdentifier>{c25bb9f7-a9fd-47d3-9d26-c241db3ba495}</UniqueIdentifier>
    </Filter>
    <Filter Include="Source Files\Heightfield">
      <UniqueIdentifier>{d74fde98-29be-4f40-84a1-e276cf4dde29}</UniqueIdentifier>
    </Filter>
  </ItemGroup>
  <ItemGroup>
    <ClCompile Include="main.cpp">
      <Filter>main</Filter>
    </ClCompile>
    <ClCompile Include="Keyboard\KeyboardEvent.cpp">
      <Filter>Source Files\Keyboard</Filter>
    </ClCompile>
    <ClCompile Include="Keyboard\KeyboardClass.cpp">
      <Filter>Source Files\Keyboard</Filter>
    </ClCompile>
    <ClCompile Include="Mouse\MouseClass.cpp">
      <Filter>Source Files\Mouse</Filter>
    </ClCompile>
    <ClCompile Include="Mouse\MouseEvent.cpp">
      <Filter>Source Files\Mouse</Filter>
    </ClCompile>
    <ClCompile Include="Graphics\AdapterReader.cpp">
      <Filter>Source Files\Graphics</Filter>
    </ClCompile>
    <ClCompile Include="Graphics\Shaders.cpp">
      <Filter>Source Files\Graphics</Filter>
    </ClCompile>
    <ClCompile Include="Graphics\Camera.cpp">
      <Filter>Source Files\Graphics</Filter>
    </ClCompile>
    <ClCompile Include="Graphics\ImGui\imgui.cpp">
      <Filter>Source Files\Graphics\ImGui</Filter>
    </ClCompile>
    <ClCompile Include="Graphics\ImGui\imgui_draw.cpp">
      <Filter>Source Files\Graphics\ImGui</Filter>
    </ClCompile>
    <ClCompile Include="Graphics\ImGui\imgui_impl_dx11.cpp">
      <Filter>Source Files\Graphics\ImGui</Filter>
    </ClCompile>
    <ClCompile Include="Graphics\ImGui\imgui_impl_win32.cpp">
      <Filter>Source Files\Graphics\ImGui</Filter>
    </ClCompile>
    <ClCompile Include="Graphics\ImGui\imgui_widgets.cpp">
      <Filter>Source Files\Graphics\ImGui</Filter>
    </ClCompile>
    <ClCompile Include="Graphics\Graphics.cpp">
      <Filter>Source Files\Graphics</Filter>
    </ClCompile>
    <ClCompile Include="Cuda\CudaSolver.cpp">
      <Filter>Source Files\Cuda</Filter>
    </ClCompile>
    <ClCompile Include="Cuda\CudaDevice.cpp">
      <Filter>Source Files\Cuda</Filter>
    </ClCompile>
    <ClCompile Include="Graphics\LineRenderer.cpp">
      <Filter>Source Files\Graphics</Filter>
    </ClCompile>
    <ClCompile Include="Graphics\RenderImGuiOptions.cpp">
      <Filter>Source Files\Graphics</Filter>
    </ClCompile>
    <ClCompile Include="ErrorLogger\ErrorLogger.cpp">
      <Filter>Source Files\ErrorLogger</Filter>
    </ClCompile>
    <ClCompile Include="ErrorLogger\StringConverter.cpp">
      <Filter>Source Files\ErrorLogger</Filter>
    </ClCompile>
    <ClCompile Include="Engine\Engine.cpp">
      <Filter>Source Files\Engine</Filter>
    </ClCompile>
    <ClCompile Include="Window\RenderWindow.cpp">
      <Filter>Source Files\Window</Filter>
    </ClCompile>
    <ClCompile Include="Window\WindowContainer.cpp">
      <Filter>Source Files\Window</Filter>
    </ClCompile>
    <ClCompile Include="Timer\Timer.cpp">
      <Filter>Source Files\Timer</Filter>
    </ClCompile>
    <ClCompile Include="Volume\Volume_IO.cpp">
      <Filter>Source Files\VolumeTexture</Filter>
    </ClCompile>
    <ClCompile Include="Volume\BinaryWriter.cpp">
      <Filter>Source Files\VolumeTexture</Filter>
    </ClCompile>
  </ItemGroup>
  <ItemGroup>
    <ClInclude Include="Keyboard\KeyboardEvent.h">
      <Filter>Header Files\Keyboard</Filter>
    </ClInclude>
    <ClInclude Include="Keyboard\KeyboardClass.h">
      <Filter>Header Files\Keyboard</Filter>
    </ClInclude>
    <ClInclude Include="Mouse\MouseEvent.h">
      <Filter>Header Files\Mouse</Filter>
    </ClInclude>
    <ClInclude Include="Mouse\MouseClass.h">
      <Filter>Header Files\Mouse</Filter>
    </ClInclude>
    <ClInclude Include="Graphics\Graphics.h">
      <Filter>Header Files\Graphics</Filter>
    </ClInclude>
    <ClInclude Include="Graphics\AdapterReader.h">
      <Filter>Header Files\Graphics</Filter>
    </ClInclude>
    <ClInclude Include="Graphics\Shaders.h">
      <Filter>Header Files\Graphics</Filter>
    </ClInclude>
    <ClInclude Include="Graphics\Vertex.h">
      <Filter>Header Files\Graphics</Filter>
    </ClInclude>
    <ClInclude Include="Graphics\VertexBuffer.h">
      <Filter>Header Files\Graphics</Filter>
    </ClInclude>
    <ClInclude Include="Graphics\IndexBuffer.h">
      <Filter>Header Files\Graphics</Filter>
    </ClInclude>
    <ClInclude Include="Graphics\ConsantBufferTypes.h">
      <Filter>Header Files\Graphics</Filter>
    </ClInclude>
    <ClInclude Include="Graphics\ConstantBuffer.h">
      <Filter>Header Files\Graphics</Filter>
    </ClInclude>
    <ClInclude Include="Graphics\Camera.h">
      <Filter>Header Files\Graphics</Filter>
    </ClInclude>
    <ClInclude Include="Graphics\ImGui\imconfig.h">
      <Filter>Header Files\Graphics\ImGui</Filter>
    </ClInclude>
    <ClInclude Include="Graphics\ImGui\imgui.h">
      <Filter>Header Files\Graphics\ImGui</Filter>
    </ClInclude>
    <ClInclude Include="Graphics\ImGui\imgui_impl_dx11.h">
      <Filter>Header Files\Graphics\ImGui</Filter>
    </ClInclude>
    <ClInclude Include="Graphics\ImGui\imgui_impl_win32.h">
      <Filter>Header Files\Graphics\ImGui</Filter>
    </ClInclude>
    <ClInclude Include="Graphics\ImGui\imgui_internal.h">
      <Filter>Header Files\Graphics\ImGui</Filter>
    </ClInclude>
    <ClInclude Include="Graphics\ImGui\imstb_rectpack.h">
      <Filter>Header Files\Graphics\ImGui</Filter>
    </ClInclude>
    <ClInclude Include="Graphics\ImGui\imstb_textedit.h">
      <Filter>Header Files\Graphics\ImGui</Filter>
    </ClInclude>
    <ClInclude Include="Graphics\ImGui\imstb_truetype.h">
      <Filter>Header Files\Graphics\ImGui</Filter>
    </ClInclude>
    <ClInclude Include="CUDA\CudaDevice.h">
      <Filter>Header Files\Cuda</Filter>
    </ClInclude>
    <ClInclude Include="CUDA\CudaSolver.h">
      <Filter>Header Files\Cuda</Filter>
    </ClInclude>
    <ClInclude Include="VolumeTexture\VolumeTexture.h">
      <Filter>Header Files\VolumeTexture</Filter>
    </ClInclude>
    <ClInclude Include="Raycaster\Raycasting.h">
      <Filter>Header Files\Raycasting</Filter>
    </ClInclude>
    <ClInclude Include="Cuda\helper_math.h">
      <Filter>Header Files\Cuda</Filter>
    </ClInclude>
    <ClInclude Include="Raycaster\Raycasting_Helper.h">
      <Filter>Header Files\Raycasting</Filter>
    </ClInclude>
    <ClInclude Include="Raycaster\BoundingBox.h">
      <Filter>Header Files\Raycasting</Filter>
    </ClInclude>
    <ClInclude Include="Graphics\StreamlineRenderer.h">
      <Filter>Header Files\Graphics</Filter>
    </ClInclude>
    <ClInclude Include="Graphics\LineRenderer.h">
      <Filter>Header Files\Graphics</Filter>
    </ClInclude>
    <ClInclude Include="Cuda\StreamlineSolver.h">
      <Filter>Header Files\Cuda</Filter>
    </ClInclude>
    <ClInclude Include="Cuda\PathlineSolver.h">
      <Filter>Header Files\Cuda</Filter>
    </ClInclude>
    <ClInclude Include="Graphics\RenderImGuiOptions.h">
      <Filter>Header Files\Graphics</Filter>
    </ClInclude>
    <ClInclude Include="Graphics\BoxRenderer.h">
      <Filter>Header Files\Graphics</Filter>
    </ClInclude>
    <ClInclude Include="Graphics\PathlineRenderer.h">
      <Filter>Header Files\Graphics</Filter>
    </ClInclude>
    <ClInclude Include="Raycaster\IsosurfaceHelperFunctions.h">
      <Filter>Header Files\Raycasting</Filter>
    </ClInclude>
    <ClInclude Include="Cuda\Interoperability.h">
      <Filter>Header Files\Cuda</Filter>
    </ClInclude>
    <ClInclude Include="Cuda\cudaSurface.h">
      <Filter>Header Files\Cuda</Filter>
    </ClInclude>
    <ClInclude Include="Cuda\CudaHelperFunctions.h">
      <Filter>Header Files\Cuda</Filter>
    </ClInclude>
    <ClInclude Include="Particle\Particle.h">
      <Filter>Header Files\Particle</Filter>
    </ClInclude>
    <ClInclude Include="ErrorLogger\ErrorLogger.h">
      <Filter>Header Files\ErrorLogger</Filter>
    </ClInclude>
    <ClInclude Include="ErrorLogger\StringConverter.h">
      <Filter>Header Files\ErrorLogger</Filter>
    </ClInclude>
    <ClInclude Include="Options\Enum.h">
      <Filter>Header Files\Options</Filter>
    </ClInclude>
    <ClInclude Include="Options\RaycastingOptions.h">
      <Filter>Header Files\Options</Filter>
    </ClInclude>
    <ClInclude Include="Options\SolverOptions.h">
      <Filter>Header Files\Options</Filter>
    </ClInclude>
    <ClInclude Include="Engine\Engine.h">
      <Filter>Header Files\Engine</Filter>
    </ClInclude>
    <ClInclude Include="Window\RenderWindow.h">
      <Filter>Header Files\Window</Filter>
    </ClInclude>
    <ClInclude Include="Window\WindowContainer.h">
      <Filter>Header Files\Window</Filter>
    </ClInclude>
    <ClInclude Include="Timer\Timer.h">
      <Filter>Header Files\Timer</Filter>
    </ClInclude>
    <ClInclude Include="Volume\Volume_IO.h">
      <Filter>Header Files\VolumeTexture</Filter>
    </ClInclude>
    <ClInclude Include="HelperFunctions\HelperFunctions.h">
      <Filter>Header Files\HelperFunctions</Filter>
    </ClInclude>
    <ClInclude Include="DispersionHelper.h">
      <Filter>Header Files\Heightfield</Filter>
    </ClInclude>
    <ClInclude Include="Options\DispresionOptions.h">
      <Filter>Header Files\Options</Filter>
    </ClInclude>
    <ClInclude Include="Dispersion\DispersionTracer.h">
      <Filter>Header Files\Heightfield</Filter>
    </ClInclude>
    <ClInclude Include="Cuda\CudaArray.h">
      <Filter>Header Files\Cuda</Filter>
    </ClInclude>
    <ClInclude Include="Dispersion\fluctuationHeightfield.h">
      <Filter>Header Files\Heightfield</Filter>
    </ClInclude>
    <ClInclude Include="Options\fluctuationheightfieldOptions.h">
      <Filter>Header Files\Options</Filter>
    </ClInclude>
    <ClInclude Include="Volume\BinaryWriter.h">
      <Filter>Header Files\VolumeTexture</Filter>
    </ClInclude>
    <ClInclude Include="Options\RenderingOptions.h">
      <Filter>Header Files\Options</Filter>
    </ClInclude>
  </ItemGroup>
  <ItemGroup>
    <FxCompile Include="Shaders\geometryshaderLineTube.hlsl">
      <Filter>Shaders</Filter>
    </FxCompile>
    <FxCompile Include="Shaders\geometryshaderLineTubeBox.hlsl">
      <Filter>Shaders</Filter>
    </FxCompile>
    <FxCompile Include="Shaders\pixelshader.hlsl">
      <Filter>Shaders</Filter>
    </FxCompile>
    <FxCompile Include="Shaders\pixelshaderSeedBox.hlsl">
      <Filter>Shaders</Filter>
    </FxCompile>
    <FxCompile Include="Shaders\pixelshaderTextureSampler.hlsl">
      <Filter>Shaders</Filter>
    </FxCompile>
    <FxCompile Include="Shaders\vertexshader.hlsl">
      <Filter>Shaders</Filter>
    </FxCompile>
    <FxCompile Include="Shaders\vertexshaderTexture.hlsl">
      <Filter>Shaders</Filter>
    </FxCompile>
  </ItemGroup>
  <ItemGroup>
    <CudaCompile Include="Cuda\StreamlineSolver.cu">
      <Filter>Source Files\Cuda</Filter>
    </CudaCompile>
    <CudaCompile Include="Cuda\PathlineSolver.cu">
      <Filter>Source Files\Cuda</Filter>
    </CudaCompile>
    <CudaCompile Include="VolumeTexture\VolumeTexture.cu">
      <Filter>Source Files\VolumeTexture</Filter>
    </CudaCompile>
    <CudaCompile Include="Cuda\cudaSurface.cu">
      <Filter>Source Files\Cuda</Filter>
    </CudaCompile>
    <CudaCompile Include="Raycaster\BoundingBox.cu">
      <Filter>Source Files\Raycasting</Filter>
    </CudaCompile>
    <CudaCompile Include="Raycaster\Raycasting.cu">
      <Filter>Source Files\Raycasting</Filter>
    </CudaCompile>
    <CudaCompile Include="Raycaster\IsosurfaceHelperFunctions.cu">
      <Filter>Source Files\Raycasting</Filter>
    </CudaCompile>
    <CudaCompile Include="Raycaster\Raycasting_Helper.cu">
      <Filter>Source Files\Raycasting</Filter>
    </CudaCompile>
    <CudaCompile Include="Cuda\CudaHelperFunctions.cu">
      <Filter>Source Files\Cuda</Filter>
    </CudaCompile>
    <CudaCompile Include="Particle\Particle.cu">
      <Filter>Source Files\Particle</Filter>
    </CudaCompile>
    <CudaCompile Include="Dispersion\DispersionTracer.cu">
      <Filter>Source Files\Heightfield</Filter>
    </CudaCompile>
    <CudaCompile Include="Dispersion\DispersionHelper.cu">
      <Filter>Source Files\Heightfield</Filter>
    </CudaCompile>
    <CudaCompile Include="Dispersion\fluctuationHeightfield.cu">
      <Filter>Source Files\Heightfield</Filter>
    </CudaCompile>
  </ItemGroup>
</Project>